<?xml version="1.0" encoding="UTF-8" standalone="yes" ?>
<CodeBlocks_project_file>
	<FileVersion major="1" minor="6" />
	<Project>
		<Option title="KaMuS" />
		<Option pch_mode="2" />
		<Option compiler="gcc" />
		<Build>
			<Target title="Debug">
				<Option output="bin/Debug/KaMuS" prefix_auto="1" extension_auto="1" />
				<Option object_output="obj/Debug/" />
				<Option type="1" />
				<Option compiler="gcc" />
				<Compiler>
					<Add option="-g" />
				</Compiler>
			</Target>
			<Target title="Release">
				<Option output="bin/Release/KaMuS" prefix_auto="1" extension_auto="1" />
				<Option object_output="obj/Release/" />
				<Option type="1" />
				<Option compiler="gcc" />
				<Compiler>
					<Add option="-O2" />
				</Compiler>
				<Linker>
					<Add option="-s" />
				</Linker>
			</Target>
		</Build>
		<Compiler>
			<Add option="-Wall" />
			<Add option="-fexceptions" />
		</Compiler>
		<Unit filename="CircularDoubleLinkList.cpp" />
		<Unit filename="CircularDoubleLinkList.h" />
		<Unit filename="DoubleLinkList.cpp" />
		<Unit filename="DoubleLinkList.h" />
		<Unit filename="SingleLinkList.cpp" />
		<Unit filename="SingleLinkList.h" />
		<Unit filename="main.cpp" />
		<Unit filename="mainHeader.h" />
		<Unit filename="tools.cpp" />
		<Unit filename="tools.h" />
		<Unit filename="view.cpp" />
		<Unit filename="view.h" />
		<Extensions>
			<code_completion />
			<envvars />
			<debugger />
			<lib_finder disable_auto="1" />
		</Extensions>
	</Project>
</CodeBlocks_project_file>
